
Microsoft Visual Studio Solution File, Format Version 12.00
# Visual Studio Version 17
VisualStudioVersion = 17.13.35919.96 d17.13
MinimumVisualStudioVersion = 10.0.40219.1
Project("{FAE04EC0-301F-11D3-BF4B-00C04F79EFBC}") = "GitGrosul", "GitGrosul.csproj", "{B0FB5F42-4259-4F1B-9BD6-81838774B3CA}"
EndProject
Global
	GlobalSection(SolutionConfigurationPlatforms) = preSolution
		Debug|Any CPU = Debug|Any CPU
		Release|Any CPU = Release|Any CPU
	EndGlobalSection
	GlobalSection(ProjectConfigurationPlatforms) = postSolution
		{B0FB5F42-4259-4F1B-9BD6-81838774B3CA}.Debug|Any CPU.ActiveCfg = Debug|Any CPU
		{B0FB5F42-4259-4F1B-9BD6-81838774B3CA}.Debug|Any CPU.Build.0 = Debug|Any CPU
		{B0FB5F42-4259-4F1B-9BD6-81838774B3CA}.Release|Any CPU.ActiveCfg = Release|Any CPU
		{B0FB5F42-4259-4F1B-9BD6-81838774B3CA}.Release|Any CPU.Build.0 = Release|Any CPU
	EndGlobalSection
	GlobalSection(SolutionProperties) = preSolution
		HideSolutionNode = FALSE
	EndGlobalSection
	GlobalSection(ExtensibilityGlobals) = postSolution
		SolutionGuid = {46C7A5FD-4CFE-4BD8-9F98-97EDB1C929BE}
	EndGlobalSection
EndGlobal
